// !$*UTF8*$!
{
	archiveVersion = 1;
	classes = {
	};
	objectVersion = 56;
	objects = {

/* Begin PBXBuildFile section */
		BE0CD1AB2935D88900B88B99 /* AppDelegate.swift in Sources */ = {isa = PBXBuildFile; fileRef = BE0CD1AA2935D88900B88B99 /* AppDelegate.swift */; };
		BE0CD1AD2935D88900B88B99 /* SceneDelegate.swift in Sources */ = {isa = PBXBuildFile; fileRef = BE0CD1AC2935D88900B88B99 /* SceneDelegate.swift */; };
		BE0CD1AF2935D88900B88B99 /* ViewController.swift in Sources */ = {isa = PBXBuildFile; fileRef = BE0CD1AE2935D88900B88B99 /* ViewController.swift */; };
		BE0CD1B22935D88900B88B99 /* Main.storyboard in Resources */ = {isa = PBXBuildFile; fileRef = BE0CD1B02935D88900B88B99 /* Main.storyboard */; };
		BE0CD1B42935D88B00B88B99 /* Assets.xcassets in Resources */ = {isa = PBXBuildFile; fileRef = BE0CD1B32935D88B00B88B99 /* Assets.xcassets */; };
		BE0CD1B72935D88B00B88B99 /* LaunchScreen.storyboard in Resources */ = {isa = PBXBuildFile; fileRef = BE0CD1B52935D88B00B88B99 /* LaunchScreen.storyboard */; };
		BE0CD1BF2935E8AD00B88B99 /* UIView+.swift in Sources */ = {isa = PBXBuildFile; fileRef = BE0CD1BE2935E8AD00B88B99 /* UIView+.swift */; };
		BE0CD1C329372C5100B88B99 /* Tasks.swift in Sources */ = {isa = PBXBuildFile; fileRef = BE0CD1C229372C5100B88B99 /* Tasks.swift */; };
/* End PBXBuildFile section */

/* Begin PBXFileReference section */
		BE0CD1A72935D88900B88B99 /* ToeflTimer.app */ = {isa = PBXFileReference; explicitFileType = wrapper.application; includeInIndex = 0; path = ToeflTimer.app; sourceTree = BUILT_PRODUCTS_DIR; };
		BE0CD1AA2935D88900B88B99 /* AppDelegate.swift */ = {isa = PBXFileReference; lastKnownFileType = sourcecode.swift; path = AppDelegate.swift; sourceTree = "<group>"; };
		BE0CD1AC2935D88900B88B99 /* SceneDelegate.swift */ = {isa = PBXFileReference; lastKnownFileType = sourcecode.swift; path = SceneDelegate.swift; sourceTree = "<group>"; };
		BE0CD1AE2935D88900B88B99 /* ViewController.swift */ = {isa = PBXFileReference; lastKnownFileType = sourcecode.swift; path = ViewController.swift; sourceTree = "<group>"; };
		BE0CD1B12935D88900B88B99 /* Base */ = {isa = PBXFileReference; lastKnownFileType = file.storyboard; name = Base; path = Base.lproj/Main.storyboard; sourceTree = "<group>"; };
		BE0CD1B32935D88B00B88B99 /* Assets.xcassets */ = {isa = PBXFileReference; lastKnownFileType = folder.assetcatalog; path = Assets.xcassets; sourceTree = "<group>"; };
		BE0CD1B62935D88B00B88B99 /* Base */ = {isa = PBXFileReference; lastKnownFileType = file.storyboard; name = Base; path = Base.lproj/LaunchScreen.storyboard; sourceTree = "<group>"; };
		BE0CD1B82935D88B00B88B99 /* Info.plist */ = {isa = PBXFileReference; lastKnownFileType = text.plist.xml; path = Info.plist; sourceTree = "<group>"; };
		BE0CD1BE2935E8AD00B88B99 /* UIView+.swift */ = {isa = PBXFileReference; lastKnownFileType = sourcecode.swift; path = "UIView+.swift"; sourceTree = "<group>"; };
		BE0CD1C229372C5100B88B99 /* Tasks.swift */ = {isa = PBXFileReference; lastKnownFileType = sourcecode.swift; path = Tasks.swift; sourceTree = "<group>"; };
/* End PBXFileReference section */

/* Begin PBXFrameworksBuildPhase section */
		BE0CD1A42935D88900B88B99 /* Frameworks */ = {
			isa = PBXFrameworksBuildPhase;
			buildActionMask = 2147483647;
			files = (
			);
			runOnlyForDeploymentPostprocessing = 0;
		};
/* End PBXFrameworksBuildPhase section */

/* Begin PBXGroup section */
		BE0CD19E2935D88900B88B99 = {
			isa = PBXGroup;
			children = (
				BE0CD1A92935D88900B88B99 /* ToeflTimer */,
				BE0CD1A82935D88900B88B99 /* Products */,
			);
			sourceTree = "<group>";
		};
		BE0CD1A82935D88900B88B99 /* Products */ = {
			isa = PBXGroup;
			children = (
				BE0CD1A72935D88900B88B99 /* ToeflTimer.app */,
			);
			name = Products;
			sourceTree = "<group>";
		};
		BE0CD1A92935D88900B88B99 /* ToeflTimer */ = {
			isa = PBXGroup;
			children = (
				BE0CD1C42938CA6400B88B99 /* Resources */,
				BE0CD1AA2935D88900B88B99 /* AppDelegate.swift */,
				BE0CD1AC2935D88900B88B99 /* SceneDelegate.swift */,
				BE0CD1AE2935D88900B88B99 /* ViewController.swift */,
				BE0CD1C229372C5100B88B99 /* Tasks.swift */,
				BE0CD1B02935D88900B88B99 /* Main.storyboard */,
				BE0CD1BE2935E8AD00B88B99 /* UIView+.swift */,
			);
			path = ToeflTimer;
			sourceTree = "<group>";
		};
		BE0CD1C42938CA6400B88B99 /* Resources */ = {
			isa = PBXGroup;
			children = (
				BE0CD1B32935D88B00B88B99 /* Assets.xcassets */,
				BE0CD1B52935D88B00B88B99 /* LaunchScreen.storyboard */,
				BE0CD1B82935D88B00B88B99 /* Info.plist */,
			);
			path = Resources;
			sourceTree = "<group>";
		};
/* End PBXGroup section */

/* Begin PBXNativeTarget section */
		BE0CD1A62935D88900B88B99 /* ToeflTimer */ = {
			isa = PBXNativeTarget;
			buildConfigurationList = BE0CD1BB2935D88B00B88B99 /* Build configuration list for PBXNativeTarget "ToeflTimer" */;
			buildPhases = (
				BE0CD1A32935D88900B88B99 /* Sources */,
				BE0CD1A42935D88900B88B99 /* Frameworks */,
				BE0CD1A52935D88900B88B99 /* Resources */,
			);
			buildRules = (
			);
			dependencies = (
			);
			name = ToeflTimer;
			productName = ToeflTimer;
			productReference = BE0CD1A72935D88900B88B99 /* ToeflTimer.app */;
			productType = "com.apple.product-type.application";
		};
/* End PBXNativeTarget section */

/* Begin PBXProject section */
		BE0CD19F2935D88900B88B99 /* Project object */ = {
			isa = PBXProject;
			attributes = {
				BuildIndependentTargetsInParallel = 1;
				LastSwiftUpdateCheck = 1410;
				LastUpgradeCheck = 1410;
				TargetAttributes = {
					BE0CD1A62935D88900B88B99 = {
						CreatedOnToolsVersion = 14.1;
					};
				};
			};
			buildConfigurationList = BE0CD1A22935D88900B88B99 /* Build configuration list for PBXProject "ToeflTimer" */;
			compatibilityVersion = "Xcode 14.0";
			developmentRegion = en;
			hasScannedForEncodings = 0;
			knownRegions = (
				en,
				Base,
			);
			mainGroup = BE0CD19E2935D88900B88B99;
			productRefGroup = BE0CD1A82935D88900B88B99 /* Products */;
			projectDirPath = "";
			projectRoot = "";
			targets = (
				BE0CD1A62935D88900B88B99 /* ToeflTimer */,
			);
		};
/* End PBXProject section */

/* Begin PBXResourcesBuildPhase section */
		BE0CD1A52935D88900B88B99 /* Resources */ = {
			isa = PBXResourcesBuildPhase;
			buildActionMask = 2147483647;
			files = (
				BE0CD1B72935D88B00B88B99 /* LaunchScreen.storyboard in Resources */,
				BE0CD1B42935D88B00B88B99 /* Assets.xcassets in Resources */,
				BE0CD1B22935D88900B88B99 /* Main.storyboard in Resources */,
			);
			runOnlyForDeploymentPostprocessing = 0;
		};
/* End PBXResourcesBuildPhase section */

/* Begin PBXSourcesBuildPhase section */
		BE0CD1A32935D88900B88B99 /* Sources */ = {
			isa = PBXSourcesBuildPhase;
			buildActionMask = 2147483647;
			files = (
				BE0CD1AF2935D88900B88B99 /* ViewController.swift in Sources */,
				BE0CD1AB2935D88900B88B99 /* AppDelegate.swift in Sources */,
				BE0CD1BF2935E8AD00B88B99 /* UIView+.swift in Sources */,
				BE0CD1C329372C5100B88B99 /* Tasks.swift in Sources */,
				BE0CD1AD2935D88900B88B99 /* SceneDelegate.swift in Sources */,
			);
			runOnlyForDeploymentPostprocessing = 0;
		};
/* End PBXSourcesBuildPhase section */

/* Begin PBXVariantGroup section */
		BE0CD1B02935D88900B88B99 /* Main.storyboard */ = {
			isa = PBXVariantGroup;
			children = (
				BE0CD1B12935D88900B88B99 /* Base */,
			);
			name = Main.storyboard;
			sourceTree = "<group>";
		};
		BE0CD1B52935D88B00B88B99 /* LaunchScreen.storyboard */ = {
			isa = PBXVariantGroup;
			children = (
				BE0CD1B62935D88B00B88B99 /* Base */,
			);
			name = LaunchScreen.storyboard;
			sourceTree = "<group>";
		};
/* End PBXVariantGroup section */

/* Begin XCBuildConfiguration section */
		BE0CD1B92935D88B00B88B99 /* Debug */ = {
			isa = XCBuildConfiguration;
			buildSettings = {
				ALWAYS_SEARCH_USER_PATHS = NO;
				CLANG_ANALYZER_NONNULL = YES;
				CLANG_ANALYZER_NUMBER_OBJECT_CONVERSION = YES_AGGRESSIVE;
				CLANG_CXX_LANGUAGE_STANDARD = "gnu++20";
				CLANG_ENABLE_MODULES = YES;
				CLANG_ENABLE_OBJC_ARC = YES;
				CLANG_ENABLE_OBJC_WEAK = YES;
				CLANG_WARN_BLOCK_CAPTURE_AUTORELEASING = YES;
				CLANG_WARN_BOOL_CONVERSION = YES;
				CLANG_WARN_COMMA = YES;
				CLANG_WARN_CONSTANT_CONVERSION = YES;
				CLANG_WARN_DEPRECATED_OBJC_IMPLEMENTATIONS = YES;
				CLANG_WARN_DIRECT_OBJC_ISA_USAGE = YES_ERROR;
				CLANG_WARN_DOCUMENTATION_COMMENTS = YES;
				CLANG_WARN_EMPTY_BODY = YES;
				CLANG_WARN_ENUM_CONVERSION = YES;
				CLANG_WARN_INFINITE_RECURSION = YES;
				CLANG_WARN_INT_CONVERSION = YES;
				CLANG_WARN_NON_LITERAL_NULL_CONVERSION = YES;
				CLANG_WARN_OBJC_IMPLICIT_RETAIN_SELF = YES;
				CLANG_WARN_OBJC_LITERAL_CONVERSION = YES;
				CLANG_WARN_OBJC_ROOT_CLASS = YES_ERROR;
				CLANG_WARN_QUOTED_INCLUDE_IN_FRAMEWORK_HEADER = YES;
				CLANG_WARN_RANGE_LOOP_ANALYSIS = YES;
				CLANG_WARN_STRICT_PROTOTYPES = YES;
				CLANG_WARN_SUSPICIOUS_MOVE = YES;
				CLANG_WARN_UNGUARDED_AVAILABILITY = YES_AGGRESSIVE;
				CLANG_WARN_UNREACHABLE_CODE = YES;
				CLANG_WARN__DUPLICATE_METHOD_MATCH = YES;
				COPY_PHASE_STRIP = NO;
				DEBUG_INFORMATION_FORMAT = dwarf;
				ENABLE_STRICT_OBJC_MSGSEND = YES;
				ENABLE_TESTABILITY = YES;
				GCC_C_LANGUAGE_STANDARD = gnu11;
				GCC_DYNAMIC_NO_PIC = NO;
				GCC_NO_COMMON_BLOCKS = YES;
				GCC_OPTIMIZATION_LEVEL = 0;
				GCC_PREPROCESSOR_DEFINITIONS = (
					"DEBUG=1",
					"$(inherited)",
				);
				GCC_WARN_64_TO_32_BIT_CONVERSION = YES;
				GCC_WARN_ABOUT_RETURN_TYPE = YES_ERROR;
				GCC_WARN_UNDECLARED_SELECTOR = YES;
				GCC_WARN_UNINITIALIZED_AUTOS = YES_AGGRESSIVE;
				GCC_WARN_UNUSED_FUNCTION = YES;
				GCC_WARN_UNUSED_VARIABLE = YES;
				IPHONEOS_DEPLOYMENT_TARGET = 16.1;
				MTL_ENABLE_DEBUG_INFO = INCLUDE_SOURCE;
				MTL_FAST_MATH = YES;
				ONLY_ACTIVE_ARCH = YES;
				SDKROOT = iphoneos;
				SWIFT_ACTIVE_COMPILATION_CONDITIONS = DEBUG;
				SWIFT_OPTIMIZATION_LEVEL = "-Onone";
			};
			name = Debug;
		};
		BE0CD1BA2935D88B00B88B99 /* Release */ = {
			isa = XCBuildConfiguration;
			buildSettings = {
				ALWAYS_SEARCH_USER_PATHS = NO;
				CLANG_ANALYZER_NONNULL = YES;
				CLANG_ANALYZER_NUMBER_OBJECT_CONVERSION = YES_AGGRESSIVE;
				CLANG_CXX_LANGUAGE_STANDARD = "gnu++20";
				CLANG_ENABLE_MODULES = YES;
				CLANG_ENABLE_OBJC_ARC = YES;
				CLANG_ENABLE_OBJC_WEAK = YES;
				CLANG_WARN_BLOCK_CAPTURE_AUTORELEASING = YES;
				CLANG_WARN_BOOL_CONVERSION = YES;
				CLANG_WARN_COMMA = YES;
				CLANG_WARN_CONSTANT_CONVERSION = YES;
				CLANG_WARN_DEPRECATED_OBJC_IMPLEMENTATIONS = YES;
				CLANG_WARN_DIRECT_OBJC_ISA_USAGE = YES_ERROR;
				CLANG_WARN_DOCUMENTATION_COMMENTS = YES;
				CLANG_WARN_EMPTY_BODY = YES;
				CLANG_WARN_ENUM_CONVERSION = YES;
				CLANG_WARN_INFINITE_RECURSION = YES;
				CLANG_WARN_INT_CONVERSION = YES;
				CLANG_WARN_NON_LITERAL_NULL_CONVERSION = YES;
				CLANG_WARN_OBJC_IMPLICIT_RETAIN_SELF = YES;
				CLANG_WARN_OBJC_LITERAL_CONVERSION = YES;
				CLANG_WARN_OBJC_ROOT_CLASS = YES_ERROR;
				CLANG_WARN_QUOTED_INCLUDE_IN_FRAMEWORK_HEADER = YES;
				CLANG_WARN_RANGE_LOOP_ANALYSIS = YES;
				CLANG_WARN_STRICT_PROTOTYPES = YES;
				CLANG_WARN_SUSPICIOUS_MOVE = YES;
				CLANG_WARN_UNGUARDED_AVAILABILITY = YES_AGGRESSIVE;
				CLANG_WARN_UNREACHABLE_CODE = YES;
				CLANG_WARN__DUPLICATE_METHOD_MATCH = YES;
				COPY_PHASE_STRIP = NO;
				DEBUG_INFORMATION_FORMAT = "dwarf-with-dsym";
				ENABLE_NS_ASSERTIONS = NO;
				ENABLE_STRICT_OBJC_MSGSEND = YES;
				GCC_C_LANGUAGE_STANDARD = gnu11;
				GCC_NO_COMMON_BLOCKS = YES;
				GCC_WARN_64_TO_32_BIT_CONVERSION = YES;
				GCC_WARN_ABOUT_RETURN_TYPE = YES_ERROR;
				GCC_WARN_UNDECLARED_SELECTOR = YES;
				GCC_WARN_UNINITIALIZED_AUTOS = YES_AGGRESSIVE;
				GCC_WARN_UNUSED_FUNCTION = YES;
				GCC_WARN_UNUSED_VARIABLE = YES;
				IPHONEOS_DEPLOYMENT_TARGET = 16.1;
				MTL_ENABLE_DEBUG_INFO = NO;
				MTL_FAST_MATH = YES;
				SDKROOT = iphoneos;
				SWIFT_COMPILATION_MODE = wholemodule;
				SWIFT_OPTIMIZATION_LEVEL = "-O";
				VALIDATE_PRODUCT = YES;
			};
			name = Release;
		};
		BE0CD1BC2935D88B00B88B99 /* Debug */ = {
			isa = XCBuildConfiguration;
			buildSettings = {
				ASSETCATALOG_COMPILER_APPICON_NAME = AppIcon;
				ASSETCATALOG_COMPILER_GLOBAL_ACCENT_COLOR_NAME = AccentColor;
				CODE_SIGN_STYLE = Automatic;
				CURRENT_PROJECT_VERSION = 1;
				DEVELOPMENT_TEAM = PX9ZAGMV5G;
				GENERATE_INFOPLIST_FILE = YES;
				INFOPLIST_FILE = ToeflTimer/Resources/Info.plist;
				INFOPLIST_KEY_UIApplicationSupportsIndirectInputEvents = YES;
				INFOPLIST_KEY_UILaunchStoryboardName = LaunchScreen;
				INFOPLIST_KEY_UIMainStoryboardFile = Main;
				INFOPLIST_KEY_UISupportedInterfaceOrientations_iPad = "UIInterfaceOrientationPortrait UIInterfaceOrientationPortraitUpsideDown UIInterfaceOrientationLandscapeLeft UIInterfaceOrientationLandscapeRight";
				INFOPLIST_KEY_UISupportedInterfaceOrientations_iPhone = "UIInterfaceOrientationPortrait UIInterfaceOrientationLandscapeLeft UIInterfaceOrientationLandscapeRight";
				IPHONEOS_DEPLOYMENT_TARGET = 15.1;
				LD_RUNPATH_SEARCH_PATHS = (
					"$(inherited)",
					"@executable_path/Frameworks",
				);
				MARKETING_VERSION = 1.0;
				PRODUCT_BUNDLE_IDENTIFIER = com.minsop.ToeflTimer;
				PRODUCT_NAME = "$(TARGET_NAME)";
				SWIFT_EMIT_LOC_STRINGS = YES;
				SWIFT_VERSION = 5.0;
				TARGETED_DEVICE_FAMILY = "1,2";
			};
			name = Debug;
		};
		BE0CD1BD2935D88B00B88B99 /* Release */ = {
			isa = XCBuildConfiguration;
			buildSettings = {
				ASSETCATALOG_COMPILER_APPICON_NAME = AppIcon;
				ASSETCATALOG_COMPILER_GLOBAL_ACCENT_COLOR_NAME = AccentColor;
				CODE_SIGN_STYLE = Automatic;
				CURRENT_PROJECT_VERSION = 1;
				DEVELOPMENT_TEAM = PX9ZAGMV5G;
				GENERATE_INFOPLIST_FILE = YES;
				INFOPLIST_FILE = ToeflTimer/Resources/Info.plist;
				INFOPLIST_KEY_UIApplicationSupportsIndirectInputEvents = YES;
				INFOPLIST_KEY_UILaunchStoryboardName = LaunchScreen;
				INFOPLIST_KEY_UIMainStoryboardFile = Main;
				INFOPLIST_KEY_UISupportedInterfaceOrientations_iPad = "UIInterfaceOrientationPortrait UIInterfaceOrientationPortraitUpsideDown UIInterfaceOrientationLandscapeLeft UIInterfaceOrientationLandscapeRight";
				INFOPLIST_KEY_UISupportedInterfaceOrientations_iPhone = "UIInterfaceOrientationPortrait UIInterfaceOrientationLandscapeLeft UIInterfaceOrientationLandscapeRight";
				IPHONEOS_DEPLOYMENT_TARGET = 15.1;
				LD_RUNPATH_SEARCH_PATHS = (
					"$(inherited)",
					"@executable_path/Frameworks",
				);
				MARKETING_VERSION = 1.0;
				PRODUCT_BUNDLE_IDENTIFIER = com.minsop.ToeflTimer;
				PRODUCT_NAME = "$(TARGET_NAME)";
				SWIFT_EMIT_LOC_STRINGS = YES;
				SWIFT_VERSION = 5.0;
				TARGETED_DEVICE_FAMILY = "1,2";
			};
			name = Release;
		};
/* End XCBuildConfiguration section */

/* Begin XCConfigurationList section */
		BE0CD1A22935D88900B88B99 /* Build configuration list for PBXProject "ToeflTimer" */ = {
			isa = XCConfigurationList;
			buildConfigurations = (
				BE0CD1B92935D88B00B88B99 /* Debug */,
				BE0CD1BA2935D88B00B88B99 /* Release */,
			);
			defaultConfigurationIsVisible = 0;
			defaultConfigurationName = Release;
		};
		BE0CD1BB2935D88B00B88B99 /* Build configuration list for PBXNativeTarget "ToeflTimer" */ = {
			isa = XCConfigurationList;
			buildConfigurations = (
				BE0CD1BC2935D88B00B88B99 /* Debug */,
				BE0CD1BD2935D88B00B88B99 /* Release */,
			);
			defaultConfigurationIsVisible = 0;
			defaultConfigurationName = Release;
		};
/* End XCConfigurationList section */
	};
	rootObject = BE0CD19F2935D88900B88B99 /* Project object */;
}
